
Microsoft Visual Studio Solution File, Format Version 12.00
# Visual Studio Version 16
VisualStudioVersion = 16.0.30002.166
MinimumVisualStudioVersion = 10.0.40219.1
Project("{FAE04EC0-301F-11D3-BF4B-00C04F79EFBC}") = "API", "API\API.csproj", "{78C33801-2C9D-4DB4-9317-E88C8AB7C79E}"
EndProject
Project("{FAE04EC0-301F-11D3-BF4B-00C04F79EFBC}") = "CLIENT", "CLIENT\CLIENT.csproj", "{62D24CAA-553E-4B12-9A27-14F329263AC2}"
EndProject
Global
	GlobalSection(SolutionConfigurationPlatforms) = preSolution
		Debug|Any CPU = Debug|Any CPU
		Release|Any CPU = Release|Any CPU
	EndGlobalSection
	GlobalSection(ProjectConfigurationPlatforms) = postSolution
		{78C33801-2C9D-4DB4-9317-E88C8AB7C79E}.Debug|Any CPU.ActiveCfg = Debug|Any CPU
		{78C33801-2C9D-4DB4-9317-E88C8AB7C79E}.Debug|Any CPU.Build.0 = Debug|Any CPU
		{78C33801-2C9D-4DB4-9317-E88C8AB7C79E}.Release|Any CPU.ActiveCfg = Release|Any CPU
		{78C33801-2C9D-4DB4-9317-E88C8AB7C79E}.Release|Any CPU.Build.0 = Release|Any CPU
		{62D24CAA-553E-4B12-9A27-14F329263AC2}.Debug|Any CPU.ActiveCfg = Debug|Any CPU
		{62D24CAA-553E-4B12-9A27-14F329263AC2}.Debug|Any CPU.Build.0 = Debug|Any CPU
		{62D24CAA-553E-4B12-9A27-14F329263AC2}.Release|Any CPU.ActiveCfg = Release|Any CPU
		{62D24CAA-553E-4B12-9A27-14F329263AC2}.Release|Any CPU.Build.0 = Release|Any CPU
	EndGlobalSection
	GlobalSection(SolutionProperties) = preSolution
		HideSolutionNode = FALSE
	EndGlobalSection
	GlobalSection(ExtensibilityGlobals) = postSolution
		SolutionGuid = {32C8B2E4-EC1D-4AB6-80A0-DD570B136E97}
	EndGlobalSection
EndGlobal
